# This file was autogenerated by Stack.
# You should not edit this file by hand.
# For more information, please see the documentation at:
#   https://docs.haskellstack.org/en/stable/topics/lock_files

packages:
- completed:
    name: fryxbots
    pantry-tree:
      sha256: 989789d0fbe924d0e576a774944aa167de4d91a256e8874e696da1822e63758a
      size: 1636
    sha256: 706a90b12ff4cbe2243b773b9094bf0071b4dfb645a2e40c05071611e992623d
    size: 15560
    url: https://github.com/rcdickerson/fryxbots/archive/c9f3cf885d1a28246a9140818effc44e0b2d51d7.tar.gz
    version: 0.1.0.0
  original:
    url: https://github.com/rcdickerson/fryxbots/archive/c9f3cf885d1a28246a9140818effc44e0b2d51d7.tar.gz
snapshots:
- completed:
    sha256: 5524530ac8c0fd4c9d7488442ff14edb0fcbf4989b928b86398f94f367e01ee3
    size: 726110
    url: https://raw.githubusercontent.com/commercialhaskell/stackage-snapshots/master/lts/24/19.yaml
  original:
    url: https://raw.githubusercontent.com/commercialhaskell/stackage-snapshots/master/lts/24/19.yaml
